// !$*UTF8*$!
{
	archiveVersion = 1;
	classes = {
	};
	objectVersion = 56;
	objects = {

/* Begin PBXBuildFile section */
		F80599C72F5AC48E00146BF1 /* WelcomeView.swift in Sources */ = {isa = PBXBuildFile; fileRef = F80599C62F5AC48E00146BF1 /* WelcomeView.swift */; };
		F80599C92F5AC8F200146BF1 /* AirportRegistry.swift in Sources */ = {isa = PBXBuildFile; fileRef = F80599C82F5AC8F200146BF1 /* AirportRegistry.swift */; };
		F80599CB2F5ACAA300146BF1 /* AirportWaitTimeRouter.swift in Sources */ = {isa = PBXBuildFile; fileRef = F80599CA2F5ACAA300146BF1 /* AirportWaitTimeRouter.swift */; };
		F80599CD2F5ACDB500146BF1 /* AirportPresentation.swift in Sources */ = {isa = PBXBuildFile; fileRef = F80599CC2F5ACDB500146BF1 /* AirportPresentation.swift */; };
		F80599CF2F5ACFE200146BF1 /* AMSWaitTimeProvider.swift in Sources */ = {isa = PBXBuildFile; fileRef = F80599CE2F5ACFE200146BF1 /* AMSWaitTimeProvider.swift */; };
		F80599D12F5AD0CA00146BF1 /* GenericTerminalCard.swift in Sources */ = {isa = PBXBuildFile; fileRef = F80599D02F5AD0CA00146BF1 /* GenericTerminalCard.swift */; };
		F80599D32F5AD36B00146BF1 /* LandingStore+Presentation.swift in Sources */ = {isa = PBXBuildFile; fileRef = F80599D22F5AD36B00146BF1 /* LandingStore+Presentation.swift */; };
		F80599D52F5AD3A100146BF1 /* GenericAirportBreakdownCard.swift in Sources */ = {isa = PBXBuildFile; fileRef = F80599D42F5AD3A100146BF1 /* GenericAirportBreakdownCard.swift */; };
		F80599D72F5AD4A200146BF1 /* Color+Hex.swift in Sources */ = {isa = PBXBuildFile; fileRef = F80599D62F5AD4A200146BF1 /* Color+Hex.swift */; };
		F80599D92F5AE51900146BF1 /* JFKAzureAPIWaitTimeProvider.swift in Sources */ = {isa = PBXBuildFile; fileRef = F80599D82F5AE51900146BF1 /* JFKAzureAPIWaitTimeProvider.swift */; };
		F80599DB2F5AEC8F00146BF1 /* AirportSelectorView.swift in Sources */ = {isa = PBXBuildFile; fileRef = F80599DA2F5AEC8F00146BF1 /* AirportSelectorView.swift */; };
		F80599DD2F5AECB200146BF1 /* LivePulseDot.swift in Sources */ = {isa = PBXBuildFile; fileRef = F80599DC2F5AECB200146BF1 /* LivePulseDot.swift */; };
		F80599DF2F5AEDFA00146BF1 /* EstimatedAirportWaitTimeProvider.swift in Sources */ = {isa = PBXBuildFile; fileRef = F80599DE2F5AEDFA00146BF1 /* EstimatedAirportWaitTimeProvider.swift */; };
		F80599E32F5AFED300146BF1 /* YYZLiveWaitTimeProvider.swift in Sources */ = {isa = PBXBuildFile; fileRef = F80599E22F5AFED300146BF1 /* YYZLiveWaitTimeProvider.swift */; };
		F80599E52F5B024600146BF1 /* WeatherEstimate.swift in Sources */ = {isa = PBXBuildFile; fileRef = F80599E42F5B024600146BF1 /* WeatherEstimate.swift */; };
		F80599E72F5B27B600146BF1 /* YVRLiveWaitTimeProvider.swift in Sources */ = {isa = PBXBuildFile; fileRef = F80599E62F5B27B600146BF1 /* YVRLiveWaitTimeProvider.swift */; };
		F80599E92F5B2A5500146BF1 /* YYCLiveWaitTimeProvider.swift in Sources */ = {isa = PBXBuildFile; fileRef = F80599E82F5B2A5500146BF1 /* YYCLiveWaitTimeProvider.swift */; };
		F80599EB2F5B3A3600146BF1 /* DENLiveWaitTimeProvider.swift in Sources */ = {isa = PBXBuildFile; fileRef = F80599EA2F5B3A3500146BF1 /* DENLiveWaitTimeProvider.swift */; };
		F80599ED2F5B407700146BF1 /* DFWLiveWaitTimeProvider.swift in Sources */ = {isa = PBXBuildFile; fileRef = F80599EC2F5B407700146BF1 /* DFWLiveWaitTimeProvider.swift */; };
		F80599EF2F5B679F00146BF1 /* HOULiveWaitTimeProvider.swift in Sources */ = {isa = PBXBuildFile; fileRef = F80599EE2F5B679E00146BF1 /* HOULiveWaitTimeProvider.swift */; };
		F80829DC2F5A4554000D5664 /* LandingStore+JFK.swift in Sources */ = {isa = PBXBuildFile; fileRef = F80829DB2F5A4554000D5664 /* LandingStore+JFK.swift */; };
		F828EF312F5873F100EC53EC /* SAVEPOINT_JFK_WORKING.swift in Sources */ = {isa = PBXBuildFile; fileRef = F828EF302F5873F100EC53EC /* SAVEPOINT_JFK_WORKING.swift */; };
		F828EF332F59BC9200EC53EC /* ATLLiveWaitTimeProvider.swift in Sources */ = {isa = PBXBuildFile; fileRef = F828EF322F59BC9200EC53EC /* ATLLiveWaitTimeProvider.swift */; };
		F828EF352F59BCC400EC53EC /* ATLSecurityWaitTimesParser.swift in Sources */ = {isa = PBXBuildFile; fileRef = F828EF342F59BCC400EC53EC /* ATLSecurityWaitTimesParser.swift */; };
		F828EF372F59CE1300EC53EC /* ATLCheckpointCard.swift in Sources */ = {isa = PBXBuildFile; fileRef = F828EF362F59CE1300EC53EC /* ATLCheckpointCard.swift */; };
		F828EF3B2F5A006C00EC53EC /* LHRCheckpointCard.swift in Sources */ = {isa = PBXBuildFile; fileRef = F828EF3A2F5A006C00EC53EC /* LHRCheckpointCard.swift */; };
		F828EF3D2F5A03FC00EC53EC /* LandingStore+LHR.swift in Sources */ = {isa = PBXBuildFile; fileRef = F828EF3C2F5A03FC00EC53EC /* LandingStore+LHR.swift */; };
		F828EF3F2F5A057800EC53EC /* LHRLiveWaitTimeProvider.swift in Sources */ = {isa = PBXBuildFile; fileRef = F828EF3E2F5A057800EC53EC /* LHRLiveWaitTimeProvider.swift */; };
		F862F1A32F583923001666F2 /* Flow3App.swift in Sources */ = {isa = PBXBuildFile; fileRef = F862F1A22F583923001666F2 /* Flow3App.swift */; };
		F862F1A72F583927001666F2 /* Assets.xcassets in Resources */ = {isa = PBXBuildFile; fileRef = F862F1A62F583927001666F2 /* Assets.xcassets */; };
		F862F1AA2F583927001666F2 /* Preview Assets.xcassets in Resources */ = {isa = PBXBuildFile; fileRef = F862F1A92F583927001666F2 /* Preview Assets.xcassets */; };
		F862F1B42F583928001666F2 /* Flow3Tests.swift in Sources */ = {isa = PBXBuildFile; fileRef = F862F1B32F583928001666F2 /* Flow3Tests.swift */; };
		F862F1BE2F583928001666F2 /* Flow3UITests.swift in Sources */ = {isa = PBXBuildFile; fileRef = F862F1BD2F583928001666F2 /* Flow3UITests.swift */; };
		F862F1C02F583928001666F2 /* Flow3UITestsLaunchTests.swift in Sources */ = {isa = PBXBuildFile; fileRef = F862F1BF2F583928001666F2 /* Flow3UITestsLaunchTests.swift */; };
		F862F1D12F583995001666F2 /* FlowTypes.swift in Sources */ = {isa = PBXBuildFile; fileRef = F862F1D02F583995001666F2 /* FlowTypes.swift */; };
		F862F1D32F5839B4001666F2 /* WaitTimeModels.swift in Sources */ = {isa = PBXBuildFile; fileRef = F862F1D22F5839B4001666F2 /* WaitTimeModels.swift */; };
		F862F1D52F5839C9001666F2 /* WeatherModels.swift in Sources */ = {isa = PBXBuildFile; fileRef = F862F1D42F5839C9001666F2 /* WeatherModels.swift */; };
		F862F1D92F583A17001666F2 /* WaitTimeProviding.swift in Sources */ = {isa = PBXBuildFile; fileRef = F862F1D82F583A17001666F2 /* WaitTimeProviding.swift */; };
		F862F1DB2F583A3A001666F2 /* WaitTimeService.swift in Sources */ = {isa = PBXBuildFile; fileRef = F862F1DA2F583A3A001666F2 /* WaitTimeService.swift */; };
		F862F1DD2F583A5B001666F2 /* WeatherService.swift in Sources */ = {isa = PBXBuildFile; fileRef = F862F1DC2F583A5B001666F2 /* WeatherService.swift */; };
		F862F1E02F583A94001666F2 /* ATLStubWaitTimeProvider.swift in Sources */ = {isa = PBXBuildFile; fileRef = F862F1DF2F583A94001666F2 /* ATLStubWaitTimeProvider.swift */; };
		F862F1E22F583AAB001666F2 /* LHRStubWaitTimeProvider.swift in Sources */ = {isa = PBXBuildFile; fileRef = F862F1E12F583AAA001666F2 /* LHRStubWaitTimeProvider.swift */; };
		F862F1E82F583B0C001666F2 /* LandingStore.swift in Sources */ = {isa = PBXBuildFile; fileRef = F862F1E72F583B0C001666F2 /* LandingStore.swift */; };
		F862F1EA2F583B20001666F2 /* LandingView.swift in Sources */ = {isa = PBXBuildFile; fileRef = F862F1E92F583B20001666F2 /* LandingView.swift */; };
		F862F1ED2F583B45001666F2 /* ContentView.swift in Sources */ = {isa = PBXBuildFile; fileRef = F862F1EC2F583B45001666F2 /* ContentView.swift */; };
		F862F1F02F5840C2001666F2 /* CompositeWaitTimeProvider.swift in Sources */ = {isa = PBXBuildFile; fileRef = F862F1EE2F583C32001666F2 /* CompositeWaitTimeProvider.swift */; };
		F862F1F42F5844CE001666F2 /* StubWeatherProvider.swift in Sources */ = {isa = PBXBuildFile; fileRef = F862F1F32F5844CE001666F2 /* StubWeatherProvider.swift */; };
/* End PBXBuildFile section */

/* Begin PBXContainerItemProxy section */
		F862F1B02F583928001666F2 /* PBXContainerItemProxy */ = {
			isa = PBXContainerItemProxy;
			containerPortal = F862F1972F583923001666F2 /* Project object */;
			proxyType = 1;
			remoteGlobalIDString = F862F19E2F583923001666F2;
			remoteInfo = Flow3;
		};
		F862F1BA2F583928001666F2 /* PBXContainerItemProxy */ = {
			isa = PBXContainerItemProxy;
			containerPortal = F862F1972F583923001666F2 /* Project object */;
			proxyType = 1;
			remoteGlobalIDString = F862F19E2F583923001666F2;
			remoteInfo = Flow3;
		};
/* End PBXContainerItemProxy section */

/* Begin PBXFileReference section */
		F80599C62F5AC48E00146BF1 /* WelcomeView.swift */ = {isa = PBXFileReference; lastKnownFileType = sourcecode.swift; path = WelcomeView.swift; sourceTree = "<group>"; };
		F80599C82F5AC8F200146BF1 /* AirportRegistry.swift */ = {isa = PBXFileReference; lastKnownFileType = sourcecode.swift; path = AirportRegistry.swift; sourceTree = "<group>"; };
		F80599CA2F5ACAA300146BF1 /* AirportWaitTimeRouter.swift */ = {isa = PBXFileReference; lastKnownFileType = sourcecode.swift; path = AirportWaitTimeRouter.swift; sourceTree = "<group>"; };
		F80599CC2F5ACDB500146BF1 /* AirportPresentation.swift */ = {isa = PBXFileReference; lastKnownFileType = sourcecode.swift; path = AirportPresentation.swift; sourceTree = "<group>"; };
		F80599CE2F5ACFE200146BF1 /* AMSWaitTimeProvider.swift */ = {isa = PBXFileReference; lastKnownFileType = sourcecode.swift; path = AMSWaitTimeProvider.swift; sourceTree = "<group>"; };
		F80599D02F5AD0CA00146BF1 /* GenericTerminalCard.swift */ = {isa = PBXFileReference; lastKnownFileType = sourcecode.swift; path = GenericTerminalCard.swift; sourceTree = "<group>"; };
		F80599D22F5AD36B00146BF1 /* LandingStore+Presentation.swift */ = {isa = PBXFileReference; lastKnownFileType = sourcecode.swift; path = "LandingStore+Presentation.swift"; sourceTree = "<group>"; };
		F80599D42F5AD3A100146BF1 /* GenericAirportBreakdownCard.swift */ = {isa = PBXFileReference; lastKnownFileType = sourcecode.swift; path = GenericAirportBreakdownCard.swift; sourceTree = "<group>"; };
		F80599D62F5AD4A200146BF1 /* Color+Hex.swift */ = {isa = PBXFileReference; lastKnownFileType = sourcecode.swift; path = "Color+Hex.swift"; sourceTree = "<group>"; };
		F80599D82F5AE51900146BF1 /* JFKAzureAPIWaitTimeProvider.swift */ = {isa = PBXFileReference; lastKnownFileType = sourcecode.swift; path = JFKAzureAPIWaitTimeProvider.swift; sourceTree = "<group>"; };
		F80599DA2F5AEC8F00146BF1 /* AirportSelectorView.swift */ = {isa = PBXFileReference; lastKnownFileType = sourcecode.swift; path = AirportSelectorView.swift; sourceTree = "<group>"; };
		F80599DC2F5AECB200146BF1 /* LivePulseDot.swift */ = {isa = PBXFileReference; lastKnownFileType = sourcecode.swift; path = LivePulseDot.swift; sourceTree = "<group>"; };
		F80599DE2F5AEDFA00146BF1 /* EstimatedAirportWaitTimeProvider.swift */ = {isa = PBXFileReference; lastKnownFileType = sourcecode.swift; path = EstimatedAirportWaitTimeProvider.swift; sourceTree = "<group>"; };
		F80599E22F5AFED300146BF1 /* YYZLiveWaitTimeProvider.swift */ = {isa = PBXFileReference; lastKnownFileType = sourcecode.swift; path = YYZLiveWaitTimeProvider.swift; sourceTree = "<group>"; };
		F80599E42F5B024600146BF1 /* WeatherEstimate.swift */ = {isa = PBXFileReference; lastKnownFileType = sourcecode.swift; path = WeatherEstimate.swift; sourceTree = "<group>"; };
		F80599E62F5B27B600146BF1 /* YVRLiveWaitTimeProvider.swift */ = {isa = PBXFileReference; lastKnownFileType = sourcecode.swift; path = YVRLiveWaitTimeProvider.swift; sourceTree = "<group>"; };
		F80599E82F5B2A5500146BF1 /* YYCLiveWaitTimeProvider.swift */ = {isa = PBXFileReference; lastKnownFileType = sourcecode.swift; path = YYCLiveWaitTimeProvider.swift; sourceTree = "<group>"; };
		F80599EA2F5B3A3500146BF1 /* DENLiveWaitTimeProvider.swift */ = {isa = PBXFileReference; lastKnownFileType = sourcecode.swift; path = DENLiveWaitTimeProvider.swift; sourceTree = "<group>"; };
		F80599EC2F5B407700146BF1 /* DFWLiveWaitTimeProvider.swift */ = {isa = PBXFileReference; lastKnownFileType = sourcecode.swift; path = DFWLiveWaitTimeProvider.swift; sourceTree = "<group>"; };
		F80599EE2F5B679E00146BF1 /* HOULiveWaitTimeProvider.swift */ = {isa = PBXFileReference; lastKnownFileType = sourcecode.swift; path = HOULiveWaitTimeProvider.swift; sourceTree = "<group>"; };
		F80829DB2F5A4554000D5664 /* LandingStore+JFK.swift */ = {isa = PBXFileReference; lastKnownFileType = sourcecode.swift; path = "LandingStore+JFK.swift"; sourceTree = "<group>"; };
		F828EF302F5873F100EC53EC /* SAVEPOINT_JFK_WORKING.swift */ = {isa = PBXFileReference; lastKnownFileType = sourcecode.swift; path = SAVEPOINT_JFK_WORKING.swift; sourceTree = "<group>"; };
		F828EF322F59BC9200EC53EC /* ATLLiveWaitTimeProvider.swift */ = {isa = PBXFileReference; lastKnownFileType = sourcecode.swift; path = ATLLiveWaitTimeProvider.swift; sourceTree = "<group>"; };
		F828EF342F59BCC400EC53EC /* ATLSecurityWaitTimesParser.swift */ = {isa = PBXFileReference; lastKnownFileType = sourcecode.swift; path = ATLSecurityWaitTimesParser.swift; sourceTree = "<group>"; };
		F828EF362F59CE1300EC53EC /* ATLCheckpointCard.swift */ = {isa = PBXFileReference; lastKnownFileType = sourcecode.swift; path = ATLCheckpointCard.swift; sourceTree = "<group>"; };
		F828EF3A2F5A006C00EC53EC /* LHRCheckpointCard.swift */ = {isa = PBXFileReference; lastKnownFileType = sourcecode.swift; path = LHRCheckpointCard.swift; sourceTree = "<group>"; };
		F828EF3C2F5A03FC00EC53EC /* LandingStore+LHR.swift */ = {isa = PBXFileReference; lastKnownFileType = sourcecode.swift; path = "LandingStore+LHR.swift"; sourceTree = "<group>"; };
		F828EF3E2F5A057800EC53EC /* LHRLiveWaitTimeProvider.swift */ = {isa = PBXFileReference; lastKnownFileType = sourcecode.swift; path = LHRLiveWaitTimeProvider.swift; sourceTree = "<group>"; };
		F862F19F2F583923001666F2 /* Flow3.app */ = {isa = PBXFileReference; explicitFileType = wrapper.application; includeInIndex = 0; path = Flow3.app; sourceTree = BUILT_PRODUCTS_DIR; };
		F862F1A22F583923001666F2 /* Flow3App.swift */ = {isa = PBXFileReference; lastKnownFileType = sourcecode.swift; path = Flow3App.swift; sourceTree = "<group>"; };
		F862F1A62F583927001666F2 /* Assets.xcassets */ = {isa = PBXFileReference; lastKnownFileType = folder.assetcatalog; path = Assets.xcassets; sourceTree = "<group>"; };
		F862F1A92F583927001666F2 /* Preview Assets.xcassets */ = {isa = PBXFileReference; lastKnownFileType = folder.assetcatalog; path = "Preview Assets.xcassets"; sourceTree = "<group>"; };
		F862F1AF2F583928001666F2 /* Flow3Tests.xctest */ = {isa = PBXFileReference; explicitFileType = wrapper.cfbundle; includeInIndex = 0; path = Flow3Tests.xctest; sourceTree = BUILT_PRODUCTS_DIR; };
		F862F1B32F583928001666F2 /* Flow3Tests.swift */ = {isa = PBXFileReference; lastKnownFileType = sourcecode.swift; path = Flow3Tests.swift; sourceTree = "<group>"; };
		F862F1B92F583928001666F2 /* Flow3UITests.xctest */ = {isa = PBXFileReference; explicitFileType = wrapper.cfbundle; includeInIndex = 0; path = Flow3UITests.xctest; sourceTree = BUILT_PRODUCTS_DIR; };
		F862F1BD2F583928001666F2 /* Flow3UITests.swift */ = {isa = PBXFileReference; lastKnownFileType = sourcecode.swift; path = Flow3UITests.swift; sourceTree = "<group>"; };
		F862F1BF2F583928001666F2 /* Flow3UITestsLaunchTests.swift */ = {isa = PBXFileReference; lastKnownFileType = sourcecode.swift; path = Flow3UITestsLaunchTests.swift; sourceTree = "<group>"; };
		F862F1D02F583995001666F2 /* FlowTypes.swift */ = {isa = PBXFileReference; lastKnownFileType = sourcecode.swift; path = FlowTypes.swift; sourceTree = "<group>"; };
		F862F1D22F5839B4001666F2 /* WaitTimeModels.swift */ = {isa = PBXFileReference; lastKnownFileType = sourcecode.swift; path = WaitTimeModels.swift; sourceTree = "<group>"; };
		F862F1D42F5839C9001666F2 /* WeatherModels.swift */ = {isa = PBXFileReference; lastKnownFileType = sourcecode.swift; path = WeatherModels.swift; sourceTree = "<group>"; };
		F862F1D82F583A17001666F2 /* WaitTimeProviding.swift */ = {isa = PBXFileReference; lastKnownFileType = sourcecode.swift; path = WaitTimeProviding.swift; sourceTree = "<group>"; };
		F862F1DA2F583A3A001666F2 /* WaitTimeService.swift */ = {isa = PBXFileReference; lastKnownFileType = sourcecode.swift; path = WaitTimeService.swift; sourceTree = "<group>"; };
		F862F1DC2F583A5B001666F2 /* WeatherService.swift */ = {isa = PBXFileReference; lastKnownFileType = sourcecode.swift; path = WeatherService.swift; sourceTree = "<group>"; };
		F862F1DF2F583A94001666F2 /* ATLStubWaitTimeProvider.swift */ = {isa = PBXFileReference; lastKnownFileType = sourcecode.swift; path = ATLStubWaitTimeProvider.swift; sourceTree = "<group>"; };
		F862F1E12F583AAA001666F2 /* LHRStubWaitTimeProvider.swift */ = {isa = PBXFileReference; lastKnownFileType = sourcecode.swift; path = LHRStubWaitTimeProvider.swift; sourceTree = "<group>"; };
		F862F1E72F583B0C001666F2 /* LandingStore.swift */ = {isa = PBXFileReference; lastKnownFileType = sourcecode.swift; path = LandingStore.swift; sourceTree = "<group>"; };
		F862F1E92F583B20001666F2 /* LandingView.swift */ = {isa = PBXFileReference; lastKnownFileType = sourcecode.swift; path = LandingView.swift; sourceTree = "<group>"; };
		F862F1EC2F583B45001666F2 /* ContentView.swift */ = {isa = PBXFileReference; lastKnownFileType = sourcecode.swift; path = ContentView.swift; sourceTree = "<group>"; };
		F862F1EE2F583C32001666F2 /* CompositeWaitTimeProvider.swift */ = {isa = PBXFileReference; lastKnownFileType = sourcecode.swift; path = CompositeWaitTimeProvider.swift; sourceTree = "<group>"; };
		F862F1F32F5844CE001666F2 /* StubWeatherProvider.swift */ = {isa = PBXFileReference; lastKnownFileType = sourcecode.swift; path = StubWeatherProvider.swift; sourceTree = "<group>"; };
/* End PBXFileReference section */

/* Begin PBXFrameworksBuildPhase section */
		F862F19C2F583923001666F2 /* Frameworks */ = {
			isa = PBXFrameworksBuildPhase;
			buildActionMask = 2147483647;
			files = (
			);
			runOnlyForDeploymentPostprocessing = 0;
		};
		F862F1AC2F583928001666F2 /* Frameworks */ = {
			isa = PBXFrameworksBuildPhase;
			buildActionMask = 2147483647;
			files = (
			);
			runOnlyForDeploymentPostprocessing = 0;
		};
		F862F1B62F583928001666F2 /* Frameworks */ = {
			isa = PBXFrameworksBuildPhase;
			buildActionMask = 2147483647;
			files = (
			);
			runOnlyForDeploymentPostprocessing = 0;
		};
/* End PBXFrameworksBuildPhase section */

/* Begin PBXGroup section */
		F862F1962F583923001666F2 = {
			isa = PBXGroup;
			children = (
				F828EF302F5873F100EC53EC /* SAVEPOINT_JFK_WORKING.swift */,
				F862F1A12F583923001666F2 /* Flow3 */,
				F862F1B22F583928001666F2 /* Flow3Tests */,
				F862F1BC2F583928001666F2 /* Flow3UITests */,
				F862F1A02F583923001666F2 /* Products */,
			);
			sourceTree = "<group>";
		};
		F862F1A02F583923001666F2 /* Products */ = {
			isa = PBXGroup;
			children = (
				F862F19F2F583923001666F2 /* Flow3.app */,
				F862F1AF2F583928001666F2 /* Flow3Tests.xctest */,
				F862F1B92F583928001666F2 /* Flow3UITests.xctest */,
			);
			name = Products;
			sourceTree = "<group>";
		};
		F862F1A12F583923001666F2 /* Flow3 */ = {
			isa = PBXGroup;
			children = (
				F862F1EB2F583B29001666F2 /* App */,
				F862F1E52F583ACB001666F2 /* Features */,
				F862F1DE2F583A76001666F2 /* Providers */,
				F862F1CC2F58394F001666F2 /* Core */,
				F862F1A22F583923001666F2 /* Flow3App.swift */,
				F862F1A62F583927001666F2 /* Assets.xcassets */,
				F862F1A82F583927001666F2 /* Preview Content */,
				F862F1F32F5844CE001666F2 /* StubWeatherProvider.swift */,
				F80599C62F5AC48E00146BF1 /* WelcomeView.swift */,
				F80599C82F5AC8F200146BF1 /* AirportRegistry.swift */,
				F80599D82F5AE51900146BF1 /* JFKAzureAPIWaitTimeProvider.swift */,
				F80599DE2F5AEDFA00146BF1 /* EstimatedAirportWaitTimeProvider.swift */,
			);
			path = Flow3;
			sourceTree = "<group>";
		};
		F862F1A82F583927001666F2 /* Preview Content */ = {
			isa = PBXGroup;
			children = (
				F862F1A92F583927001666F2 /* Preview Assets.xcassets */,
			);
			path = "Preview Content";
			sourceTree = "<group>";
		};
		F862F1B22F583928001666F2 /* Flow3Tests */ = {
			isa = PBXGroup;
			children = (
				F862F1B32F583928001666F2 /* Flow3Tests.swift */,
			);
			path = Flow3Tests;
			sourceTree = "<group>";
		};
		F862F1BC2F583928001666F2 /* Flow3UITests */ = {
			isa = PBXGroup;
			children = (
				F862F1BD2F583928001666F2 /* Flow3UITests.swift */,
				F862F1BF2F583928001666F2 /* Flow3UITestsLaunchTests.swift */,
			);
			path = Flow3UITests;
			sourceTree = "<group>";
		};
		F862F1CC2F58394F001666F2 /* Core */ = {
			isa = PBXGroup;
			children = (
				F862F1D72F5839EF001666F2 /* Services */,
				F862F1CD2F583958001666F2 /* Models */,
				F80599D62F5AD4A200146BF1 /* Color+Hex.swift */,
			);
			path = Core;
			sourceTree = "<group>";
		};
		F862F1CD2F583958001666F2 /* Models */ = {
			isa = PBXGroup;
			children = (
				F862F1D02F583995001666F2 /* FlowTypes.swift */,
				F862F1D22F5839B4001666F2 /* WaitTimeModels.swift */,
				F862F1D42F5839C9001666F2 /* WeatherModels.swift */,
				F80599CC2F5ACDB500146BF1 /* AirportPresentation.swift */,
				F80599E42F5B024600146BF1 /* WeatherEstimate.swift */,
			);
			path = Models;
			sourceTree = "<group>";
		};
		F862F1D72F5839EF001666F2 /* Services */ = {
			isa = PBXGroup;
			children = (
				F862F1D82F583A17001666F2 /* WaitTimeProviding.swift */,
				F862F1DA2F583A3A001666F2 /* WaitTimeService.swift */,
				F862F1DC2F583A5B001666F2 /* WeatherService.swift */,
				F80599CA2F5ACAA300146BF1 /* AirportWaitTimeRouter.swift */,
			);
			path = Services;
			sourceTree = "<group>";
		};
		F862F1DE2F583A76001666F2 /* Providers */ = {
			isa = PBXGroup;
			children = (
				F862F1DF2F583A94001666F2 /* ATLStubWaitTimeProvider.swift */,
				F862F1E12F583AAA001666F2 /* LHRStubWaitTimeProvider.swift */,
				F862F1EE2F583C32001666F2 /* CompositeWaitTimeProvider.swift */,
				F828EF322F59BC9200EC53EC /* ATLLiveWaitTimeProvider.swift */,
				F828EF342F59BCC400EC53EC /* ATLSecurityWaitTimesParser.swift */,
				F828EF362F59CE1300EC53EC /* ATLCheckpointCard.swift */,
				F828EF3A2F5A006C00EC53EC /* LHRCheckpointCard.swift */,
				F828EF3E2F5A057800EC53EC /* LHRLiveWaitTimeProvider.swift */,
				F80599CE2F5ACFE200146BF1 /* AMSWaitTimeProvider.swift */,
				F80599E22F5AFED300146BF1 /* YYZLiveWaitTimeProvider.swift */,
				F80599E62F5B27B600146BF1 /* YVRLiveWaitTimeProvider.swift */,
				F80599E82F5B2A5500146BF1 /* YYCLiveWaitTimeProvider.swift */,
				F80599EA2F5B3A3500146BF1 /* DENLiveWaitTimeProvider.swift */,
				F80599EC2F5B407700146BF1 /* DFWLiveWaitTimeProvider.swift */,
				F80599EE2F5B679E00146BF1 /* HOULiveWaitTimeProvider.swift */,
			);
			path = Providers;
			sourceTree = "<group>";
		};
		F862F1E52F583ACB001666F2 /* Features */ = {
			isa = PBXGroup;
			children = (
				F862F1E62F583AF2001666F2 /* Landing */,
			);
			path = Features;
			sourceTree = "<group>";
		};
		F862F1E62F583AF2001666F2 /* Landing */ = {
			isa = PBXGroup;
			children = (
				F862F1E72F583B0C001666F2 /* LandingStore.swift */,
				F862F1E92F583B20001666F2 /* LandingView.swift */,
				F828EF3C2F5A03FC00EC53EC /* LandingStore+LHR.swift */,
				F80829DB2F5A4554000D5664 /* LandingStore+JFK.swift */,
				F80599D02F5AD0CA00146BF1 /* GenericTerminalCard.swift */,
				F80599D22F5AD36B00146BF1 /* LandingStore+Presentation.swift */,
				F80599D42F5AD3A100146BF1 /* GenericAirportBreakdownCard.swift */,
				F80599DA2F5AEC8F00146BF1 /* AirportSelectorView.swift */,
				F80599DC2F5AECB200146BF1 /* LivePulseDot.swift */,
			);
			path = Landing;
			sourceTree = "<group>";
		};
		F862F1EB2F583B29001666F2 /* App */ = {
			isa = PBXGroup;
			children = (
				F862F1EC2F583B45001666F2 /* ContentView.swift */,
			);
			path = App;
			sourceTree = "<group>";
		};
/* End PBXGroup section */

/* Begin PBXNativeTarget section */
		F862F19E2F583923001666F2 /* Flow3 */ = {
			isa = PBXNativeTarget;
			buildConfigurationList = F862F1C32F583928001666F2 /* Build configuration list for PBXNativeTarget "Flow3" */;
			buildPhases = (
				F862F19B2F583923001666F2 /* Sources */,
				F862F19C2F583923001666F2 /* Frameworks */,
				F862F19D2F583923001666F2 /* Resources */,
			);
			buildRules = (
			);
			dependencies = (
			);
			name = Flow3;
			productName = Flow3;
			productReference = F862F19F2F583923001666F2 /* Flow3.app */;
			productType = "com.apple.product-type.application";
		};
		F862F1AE2F583928001666F2 /* Flow3Tests */ = {
			isa = PBXNativeTarget;
			buildConfigurationList = F862F1C62F583928001666F2 /* Build configuration list for PBXNativeTarget "Flow3Tests" */;
			buildPhases = (
				F862F1AB2F583928001666F2 /* Sources */,
				F862F1AC2F583928001666F2 /* Frameworks */,
				F862F1AD2F583928001666F2 /* Resources */,
			);
			buildRules = (
			);
			dependencies = (
				F862F1B12F583928001666F2 /* PBXTargetDependency */,
			);
			name = Flow3Tests;
			productName = Flow3Tests;
			productReference = F862F1AF2F583928001666F2 /* Flow3Tests.xctest */;
			productType = "com.apple.product-type.bundle.unit-test";
		};
		F862F1B82F583928001666F2 /* Flow3UITests */ = {
			isa = PBXNativeTarget;
			buildConfigurationList = F862F1C92F583928001666F2 /* Build configuration list for PBXNativeTarget "Flow3UITests" */;
			buildPhases = (
				F862F1B52F583928001666F2 /* Sources */,
				F862F1B62F583928001666F2 /* Frameworks */,
				F862F1B72F583928001666F2 /* Resources */,
			);
			buildRules = (
			);
			dependencies = (
				F862F1BB2F583928001666F2 /* PBXTargetDependency */,
			);
			name = Flow3UITests;
			productName = Flow3UITests;
			productReference = F862F1B92F583928001666F2 /* Flow3UITests.xctest */;
			productType = "com.apple.product-type.bundle.ui-testing";
		};
/* End PBXNativeTarget section */

/* Begin PBXProject section */
		F862F1972F583923001666F2 /* Project object */ = {
			isa = PBXProject;
			attributes = {
				BuildIndependentTargetsInParallel = 1;
				LastSwiftUpdateCheck = 1420;
				LastUpgradeCheck = 1420;
				TargetAttributes = {
					F862F19E2F583923001666F2 = {
						CreatedOnToolsVersion = 14.2;
					};
					F862F1AE2F583928001666F2 = {
						CreatedOnToolsVersion = 14.2;
						TestTargetID = F862F19E2F583923001666F2;
					};
					F862F1B82F583928001666F2 = {
						CreatedOnToolsVersion = 14.2;
						TestTargetID = F862F19E2F583923001666F2;
					};
				};
			};
			buildConfigurationList = F862F19A2F583923001666F2 /* Build configuration list for PBXProject "Flow3" */;
			compatibilityVersion = "Xcode 14.0";
			developmentRegion = en;
			hasScannedForEncodings = 0;
			knownRegions = (
				en,
				Base,
			);
			mainGroup = F862F1962F583923001666F2;
			productRefGroup = F862F1A02F583923001666F2 /* Products */;
			projectDirPath = "";
			projectRoot = "";
			targets = (
				F862F19E2F583923001666F2 /* Flow3 */,
				F862F1AE2F583928001666F2 /* Flow3Tests */,
				F862F1B82F583928001666F2 /* Flow3UITests */,
			);
		};
/* End PBXProject section */

/* Begin PBXResourcesBuildPhase section */
		F862F19D2F583923001666F2 /* Resources */ = {
			isa = PBXResourcesBuildPhase;
			buildActionMask = 2147483647;
			files = (
				F862F1AA2F583927001666F2 /* Preview Assets.xcassets in Resources */,
				F862F1A72F583927001666F2 /* Assets.xcassets in Resources */,
			);
			runOnlyForDeploymentPostprocessing = 0;
		};
		F862F1AD2F583928001666F2 /* Resources */ = {
			isa = PBXResourcesBuildPhase;
			buildActionMask = 2147483647;
			files = (
			);
			runOnlyForDeploymentPostprocessing = 0;
		};
		F862F1B72F583928001666F2 /* Resources */ = {
			isa = PBXResourcesBuildPhase;
			buildActionMask = 2147483647;
			files = (
			);
			runOnlyForDeploymentPostprocessing = 0;
		};
/* End PBXResourcesBuildPhase section */

/* Begin PBXSourcesBuildPhase section */
		F862F19B2F583923001666F2 /* Sources */ = {
			isa = PBXSourcesBuildPhase;
			buildActionMask = 2147483647;
			files = (
				F862F1DD2F583A5B001666F2 /* WeatherService.swift in Sources */,
				F862F1EA2F583B20001666F2 /* LandingView.swift in Sources */,
				F862F1ED2F583B45001666F2 /* ContentView.swift in Sources */,
				F80599E32F5AFED300146BF1 /* YYZLiveWaitTimeProvider.swift in Sources */,
				F80599E72F5B27B600146BF1 /* YVRLiveWaitTimeProvider.swift in Sources */,
				F80599ED2F5B407700146BF1 /* DFWLiveWaitTimeProvider.swift in Sources */,
				F80599CD2F5ACDB500146BF1 /* AirportPresentation.swift in Sources */,
				F80599CF2F5ACFE200146BF1 /* AMSWaitTimeProvider.swift in Sources */,
				F862F1E82F583B0C001666F2 /* LandingStore.swift in Sources */,
				F862F1D12F583995001666F2 /* FlowTypes.swift in Sources */,
				F80599D12F5AD0CA00146BF1 /* GenericTerminalCard.swift in Sources */,
				F862F1F02F5840C2001666F2 /* CompositeWaitTimeProvider.swift in Sources */,
				F828EF352F59BCC400EC53EC /* ATLSecurityWaitTimesParser.swift in Sources */,
				F80599CB2F5ACAA300146BF1 /* AirportWaitTimeRouter.swift in Sources */,
				F862F1A32F583923001666F2 /* Flow3App.swift in Sources */,
				F828EF372F59CE1300EC53EC /* ATLCheckpointCard.swift in Sources */,
				F80599DB2F5AEC8F00146BF1 /* AirportSelectorView.swift in Sources */,
				F80829DC2F5A4554000D5664 /* LandingStore+JFK.swift in Sources */,
				F862F1E02F583A94001666F2 /* ATLStubWaitTimeProvider.swift in Sources */,
				F80599EF2F5B679F00146BF1 /* HOULiveWaitTimeProvider.swift in Sources */,
				F80599C92F5AC8F200146BF1 /* AirportRegistry.swift in Sources */,
				F828EF3D2F5A03FC00EC53EC /* LandingStore+LHR.swift in Sources */,
				F828EF312F5873F100EC53EC /* SAVEPOINT_JFK_WORKING.swift in Sources */,
				F862F1E22F583AAB001666F2 /* LHRStubWaitTimeProvider.swift in Sources */,
				F80599EB2F5B3A3600146BF1 /* DENLiveWaitTimeProvider.swift in Sources */,
				F828EF332F59BC9200EC53EC /* ATLLiveWaitTimeProvider.swift in Sources */,
				F828EF3B2F5A006C00EC53EC /* LHRCheckpointCard.swift in Sources */,
				F80599D92F5AE51900146BF1 /* JFKAzureAPIWaitTimeProvider.swift in Sources */,
				F80599DD2F5AECB200146BF1 /* LivePulseDot.swift in Sources */,
				F862F1DB2F583A3A001666F2 /* WaitTimeService.swift in Sources */,
				F80599D32F5AD36B00146BF1 /* LandingStore+Presentation.swift in Sources */,
				F80599E92F5B2A5500146BF1 /* YYCLiveWaitTimeProvider.swift in Sources */,
				F862F1D32F5839B4001666F2 /* WaitTimeModels.swift in Sources */,
				F80599DF2F5AEDFA00146BF1 /* EstimatedAirportWaitTimeProvider.swift in Sources */,
				F80599D72F5AD4A200146BF1 /* Color+Hex.swift in Sources */,
				F80599C72F5AC48E00146BF1 /* WelcomeView.swift in Sources */,
				F862F1F42F5844CE001666F2 /* StubWeatherProvider.swift in Sources */,
				F80599E52F5B024600146BF1 /* WeatherEstimate.swift in Sources */,
				F828EF3F2F5A057800EC53EC /* LHRLiveWaitTimeProvider.swift in Sources */,
				F862F1D92F583A17001666F2 /* WaitTimeProviding.swift in Sources */,
				F80599D52F5AD3A100146BF1 /* GenericAirportBreakdownCard.swift in Sources */,
				F862F1D52F5839C9001666F2 /* WeatherModels.swift in Sources */,
			);
			runOnlyForDeploymentPostprocessing = 0;
		};
		F862F1AB2F583928001666F2 /* Sources */ = {
			isa = PBXSourcesBuildPhase;
			buildActionMask = 2147483647;
			files = (
				F862F1B42F583928001666F2 /* Flow3Tests.swift in Sources */,
			);
			runOnlyForDeploymentPostprocessing = 0;
		};
		F862F1B52F583928001666F2 /* Sources */ = {
			isa = PBXSourcesBuildPhase;
			buildActionMask = 2147483647;
			files = (
				F862F1C02F583928001666F2 /* Flow3UITestsLaunchTests.swift in Sources */,
				F862F1BE2F583928001666F2 /* Flow3UITests.swift in Sources */,
			);
			runOnlyForDeploymentPostprocessing = 0;
		};
/* End PBXSourcesBuildPhase section */

/* Begin PBXTargetDependency section */
		F862F1B12F583928001666F2 /* PBXTargetDependency */ = {
			isa = PBXTargetDependency;
			target = F862F19E2F583923001666F2 /* Flow3 */;
			targetProxy = F862F1B02F583928001666F2 /* PBXContainerItemProxy */;
		};
		F862F1BB2F583928001666F2 /* PBXTargetDependency */ = {
			isa = PBXTargetDependency;
			target = F862F19E2F583923001666F2 /* Flow3 */;
			targetProxy = F862F1BA2F583928001666F2 /* PBXContainerItemProxy */;
		};
/* End PBXTargetDependency section */

/* Begin XCBuildConfiguration section */
		F862F1C12F583928001666F2 /* Debug */ = {
			isa = XCBuildConfiguration;
			buildSettings = {
				ALWAYS_SEARCH_USER_PATHS = NO;
				CLANG_ANALYZER_NONNULL = YES;
				CLANG_ANALYZER_NUMBER_OBJECT_CONVERSION = YES_AGGRESSIVE;
				CLANG_CXX_LANGUAGE_STANDARD = "gnu++20";
				CLANG_ENABLE_MODULES = YES;
				CLANG_ENABLE_OBJC_ARC = YES;
				CLANG_ENABLE_OBJC_WEAK = YES;
				CLANG_WARN_BLOCK_CAPTURE_AUTORELEASING = YES;
				CLANG_WARN_BOOL_CONVERSION = YES;
				CLANG_WARN_COMMA = YES;
				CLANG_WARN_CONSTANT_CONVERSION = YES;
				CLANG_WARN_DEPRECATED_OBJC_IMPLEMENTATIONS = YES;
				CLANG_WARN_DIRECT_OBJC_ISA_USAGE = YES_ERROR;
				CLANG_WARN_DOCUMENTATION_COMMENTS = YES;
				CLANG_WARN_EMPTY_BODY = YES;
				CLANG_WARN_ENUM_CONVERSION = YES;
				CLANG_WARN_INFINITE_RECURSION = YES;
				CLANG_WARN_INT_CONVERSION = YES;
				CLANG_WARN_NON_LITERAL_NULL_CONVERSION = YES;
				CLANG_WARN_OBJC_IMPLICIT_RETAIN_SELF = YES;
				CLANG_WARN_OBJC_LITERAL_CONVERSION = YES;
				CLANG_WARN_OBJC_ROOT_CLASS = YES_ERROR;
				CLANG_WARN_QUOTED_INCLUDE_IN_FRAMEWORK_HEADER = YES;
				CLANG_WARN_RANGE_LOOP_ANALYSIS = YES;
				CLANG_WARN_STRICT_PROTOTYPES = YES;
				CLANG_WARN_SUSPICIOUS_MOVE = YES;
				CLANG_WARN_UNGUARDED_AVAILABILITY = YES_AGGRESSIVE;
				CLANG_WARN_UNREACHABLE_CODE = YES;
				CLANG_WARN__DUPLICATE_METHOD_MATCH = YES;
				COPY_PHASE_STRIP = NO;
				DEBUG_INFORMATION_FORMAT = dwarf;
				ENABLE_STRICT_OBJC_MSGSEND = YES;
				ENABLE_TESTABILITY = YES;
				GCC_C_LANGUAGE_STANDARD = gnu11;
				GCC_DYNAMIC_NO_PIC = NO;
				GCC_NO_COMMON_BLOCKS = YES;
				GCC_OPTIMIZATION_LEVEL = 0;
				GCC_PREPROCESSOR_DEFINITIONS = (
					"DEBUG=1",
					"$(inherited)",
				);
				GCC_WARN_64_TO_32_BIT_CONVERSION = YES;
				GCC_WARN_ABOUT_RETURN_TYPE = YES_ERROR;
				GCC_WARN_UNDECLARED_SELECTOR = YES;
				GCC_WARN_UNINITIALIZED_AUTOS = YES_AGGRESSIVE;
				GCC_WARN_UNUSED_FUNCTION = YES;
				GCC_WARN_UNUSED_VARIABLE = YES;
				IPHONEOS_DEPLOYMENT_TARGET = 16.2;
				MTL_ENABLE_DEBUG_INFO = INCLUDE_SOURCE;
				MTL_FAST_MATH = YES;
				ONLY_ACTIVE_ARCH = YES;
				SDKROOT = iphoneos;
				SWIFT_ACTIVE_COMPILATION_CONDITIONS = DEBUG;
				SWIFT_OPTIMIZATION_LEVEL = "-Onone";
			};
			name = Debug;
		};
		F862F1C22F583928001666F2 /* Release */ = {
			isa = XCBuildConfiguration;
			buildSettings = {
				ALWAYS_SEARCH_USER_PATHS = NO;
				CLANG_ANALYZER_NONNULL = YES;
				CLANG_ANALYZER_NUMBER_OBJECT_CONVERSION = YES_AGGRESSIVE;
				CLANG_CXX_LANGUAGE_STANDARD = "gnu++20";
				CLANG_ENABLE_MODULES = YES;
				CLANG_ENABLE_OBJC_ARC = YES;
				CLANG_ENABLE_OBJC_WEAK = YES;
				CLANG_WARN_BLOCK_CAPTURE_AUTORELEASING = YES;
				CLANG_WARN_BOOL_CONVERSION = YES;
				CLANG_WARN_COMMA = YES;
				CLANG_WARN_CONSTANT_CONVERSION = YES;
				CLANG_WARN_DEPRECATED_OBJC_IMPLEMENTATIONS = YES;
				CLANG_WARN_DIRECT_OBJC_ISA_USAGE = YES_ERROR;
				CLANG_WARN_DOCUMENTATION_COMMENTS = YES;
				CLANG_WARN_EMPTY_BODY = YES;
				CLANG_WARN_ENUM_CONVERSION = YES;
				CLANG_WARN_INFINITE_RECURSION = YES;
				CLANG_WARN_INT_CONVERSION = YES;
				CLANG_WARN_NON_LITERAL_NULL_CONVERSION = YES;
				CLANG_WARN_OBJC_IMPLICIT_RETAIN_SELF = YES;
				CLANG_WARN_OBJC_LITERAL_CONVERSION = YES;
				CLANG_WARN_OBJC_ROOT_CLASS = YES_ERROR;
				CLANG_WARN_QUOTED_INCLUDE_IN_FRAMEWORK_HEADER = YES;
				CLANG_WARN_RANGE_LOOP_ANALYSIS = YES;
				CLANG_WARN_STRICT_PROTOTYPES = YES;
				CLANG_WARN_SUSPICIOUS_MOVE = YES;
				CLANG_WARN_UNGUARDED_AVAILABILITY = YES_AGGRESSIVE;
				CLANG_WARN_UNREACHABLE_CODE = YES;
				CLANG_WARN__DUPLICATE_METHOD_MATCH = YES;
				COPY_PHASE_STRIP = NO;
				DEBUG_INFORMATION_FORMAT = "dwarf-with-dsym";
				ENABLE_NS_ASSERTIONS = NO;
				ENABLE_STRICT_OBJC_MSGSEND = YES;
				GCC_C_LANGUAGE_STANDARD = gnu11;
				GCC_NO_COMMON_BLOCKS = YES;
				GCC_WARN_64_TO_32_BIT_CONVERSION = YES;
				GCC_WARN_ABOUT_RETURN_TYPE = YES_ERROR;
				GCC_WARN_UNDECLARED_SELECTOR = YES;
				GCC_WARN_UNINITIALIZED_AUTOS = YES_AGGRESSIVE;
				GCC_WARN_UNUSED_FUNCTION = YES;
				GCC_WARN_UNUSED_VARIABLE = YES;
				IPHONEOS_DEPLOYMENT_TARGET = 16.2;
				MTL_ENABLE_DEBUG_INFO = NO;
				MTL_FAST_MATH = YES;
				SDKROOT = iphoneos;
				SWIFT_COMPILATION_MODE = wholemodule;
				SWIFT_OPTIMIZATION_LEVEL = "-O";
				VALIDATE_PRODUCT = YES;
			};
			name = Release;
		};
		F862F1C42F583928001666F2 /* Debug */ = {
			isa = XCBuildConfiguration;
			buildSettings = {
				ASSETCATALOG_COMPILER_APPICON_NAME = AppIcon;
				ASSETCATALOG_COMPILER_GLOBAL_ACCENT_COLOR_NAME = AccentColor;
				CODE_SIGN_STYLE = Automatic;
				CURRENT_PROJECT_VERSION = 1;
				DEVELOPMENT_ASSET_PATHS = "\"Flow3/Preview Content\"";
				DEVELOPMENT_TEAM = QQ6KGT3TQ9;
				ENABLE_PREVIEWS = YES;
				GENERATE_INFOPLIST_FILE = YES;
				INFOPLIST_KEY_UIApplicationSceneManifest_Generation = YES;
				INFOPLIST_KEY_UIApplicationSupportsIndirectInputEvents = YES;
				INFOPLIST_KEY_UILaunchScreen_Generation = YES;
				INFOPLIST_KEY_UISupportedInterfaceOrientations_iPad = "UIInterfaceOrientationPortrait UIInterfaceOrientationPortraitUpsideDown UIInterfaceOrientationLandscapeLeft UIInterfaceOrientationLandscapeRight";
				INFOPLIST_KEY_UISupportedInterfaceOrientations_iPhone = "UIInterfaceOrientationPortrait UIInterfaceOrientationLandscapeLeft UIInterfaceOrientationLandscapeRight";
				LD_RUNPATH_SEARCH_PATHS = (
					"$(inherited)",
					"@executable_path/Frameworks",
				);
				MARKETING_VERSION = 1.0;
				PRODUCT_BUNDLE_IDENTIFIER = Flow.Flow3;
				PRODUCT_NAME = "$(TARGET_NAME)";
				SWIFT_EMIT_LOC_STRINGS = YES;
				SWIFT_VERSION = 5.0;
				TARGETED_DEVICE_FAMILY = "1,2";
			};
			name = Debug;
		};
		F862F1C52F583928001666F2 /* Release */ = {
			isa = XCBuildConfiguration;
			buildSettings = {
				ASSETCATALOG_COMPILER_APPICON_NAME = AppIcon;
				ASSETCATALOG_COMPILER_GLOBAL_ACCENT_COLOR_NAME = AccentColor;
				CODE_SIGN_STYLE = Automatic;
				CURRENT_PROJECT_VERSION = 1;
				DEVELOPMENT_ASSET_PATHS = "\"Flow3/Preview Content\"";
				DEVELOPMENT_TEAM = QQ6KGT3TQ9;
				ENABLE_PREVIEWS = YES;
				GENERATE_INFOPLIST_FILE = YES;
				INFOPLIST_KEY_UIApplicationSceneManifest_Generation = YES;
				INFOPLIST_KEY_UIApplicationSupportsIndirectInputEvents = YES;
				INFOPLIST_KEY_UILaunchScreen_Generation = YES;
				INFOPLIST_KEY_UISupportedInterfaceOrientations_iPad = "UIInterfaceOrientationPortrait UIInterfaceOrientationPortraitUpsideDown UIInterfaceOrientationLandscapeLeft UIInterfaceOrientationLandscapeRight";
				INFOPLIST_KEY_UISupportedInterfaceOrientations_iPhone = "UIInterfaceOrientationPortrait UIInterfaceOrientationLandscapeLeft UIInterfaceOrientationLandscapeRight";
				LD_RUNPATH_SEARCH_PATHS = (
					"$(inherited)",
					"@executable_path/Frameworks",
				);
				MARKETING_VERSION = 1.0;
				PRODUCT_BUNDLE_IDENTIFIER = Flow.Flow3;
				PRODUCT_NAME = "$(TARGET_NAME)";
				SWIFT_EMIT_LOC_STRINGS = YES;
				SWIFT_VERSION = 5.0;
				TARGETED_DEVICE_FAMILY = "1,2";
			};
			name = Release;
		};
		F862F1C72F583928001666F2 /* Debug */ = {
			isa = XCBuildConfiguration;
			buildSettings = {
				ALWAYS_EMBED_SWIFT_STANDARD_LIBRARIES = YES;
				BUNDLE_LOADER = "$(TEST_HOST)";
				CODE_SIGN_STYLE = Automatic;
				CURRENT_PROJECT_VERSION = 1;
				DEVELOPMENT_TEAM = QQ6KGT3TQ9;
				GENERATE_INFOPLIST_FILE = YES;
				IPHONEOS_DEPLOYMENT_TARGET = 16.2;
				MARKETING_VERSION = 1.0;
				PRODUCT_BUNDLE_IDENTIFIER = Flow.Flow3Tests;
				PRODUCT_NAME = "$(TARGET_NAME)";
				SWIFT_EMIT_LOC_STRINGS = NO;
				SWIFT_VERSION = 5.0;
				TARGETED_DEVICE_FAMILY = "1,2";
				TEST_HOST = "$(BUILT_PRODUCTS_DIR)/Flow3.app/$(BUNDLE_EXECUTABLE_FOLDER_PATH)/Flow3";
			};
			name = Debug;
		};
		F862F1C82F583928001666F2 /* Release */ = {
			isa = XCBuildConfiguration;
			buildSettings = {
				ALWAYS_EMBED_SWIFT_STANDARD_LIBRARIES = YES;
				BUNDLE_LOADER = "$(TEST_HOST)";
				CODE_SIGN_STYLE = Automatic;
				CURRENT_PROJECT_VERSION = 1;
				DEVELOPMENT_TEAM = QQ6KGT3TQ9;
				GENERATE_INFOPLIST_FILE = YES;
				IPHONEOS_DEPLOYMENT_TARGET = 16.2;
				MARKETING_VERSION = 1.0;
				PRODUCT_BUNDLE_IDENTIFIER = Flow.Flow3Tests;
				PRODUCT_NAME = "$(TARGET_NAME)";
				SWIFT_EMIT_LOC_STRINGS = NO;
				SWIFT_VERSION = 5.0;
				TARGETED_DEVICE_FAMILY = "1,2";
				TEST_HOST = "$(BUILT_PRODUCTS_DIR)/Flow3.app/$(BUNDLE_EXECUTABLE_FOLDER_PATH)/Flow3";
			};
			name = Release;
		};
		F862F1CA2F583928001666F2 /* Debug */ = {
			isa = XCBuildConfiguration;
			buildSettings = {
				ALWAYS_EMBED_SWIFT_STANDARD_LIBRARIES = YES;
				CODE_SIGN_STYLE = Automatic;
				CURRENT_PROJECT_VERSION = 1;
				DEVELOPMENT_TEAM = QQ6KGT3TQ9;
				GENERATE_INFOPLIST_FILE = YES;
				MARKETING_VERSION = 1.0;
				PRODUCT_BUNDLE_IDENTIFIER = Flow.Flow3UITests;
				PRODUCT_NAME = "$(TARGET_NAME)";
				SWIFT_EMIT_LOC_STRINGS = NO;
				SWIFT_VERSION = 5.0;
				TARGETED_DEVICE_FAMILY = "1,2";
				TEST_TARGET_NAME = Flow3;
			};
			name = Debug;
		};
		F862F1CB2F583928001666F2 /* Release */ = {
			isa = XCBuildConfiguration;
			buildSettings = {
				ALWAYS_EMBED_SWIFT_STANDARD_LIBRARIES = YES;
				CODE_SIGN_STYLE = Automatic;
				CURRENT_PROJECT_VERSION = 1;
				DEVELOPMENT_TEAM = QQ6KGT3TQ9;
				GENERATE_INFOPLIST_FILE = YES;
				MARKETING_VERSION = 1.0;
				PRODUCT_BUNDLE_IDENTIFIER = Flow.Flow3UITests;
				PRODUCT_NAME = "$(TARGET_NAME)";
				SWIFT_EMIT_LOC_STRINGS = NO;
				SWIFT_VERSION = 5.0;
				TARGETED_DEVICE_FAMILY = "1,2";
				TEST_TARGET_NAME = Flow3;
			};
			name = Release;
		};
/* End XCBuildConfiguration section */

/* Begin XCConfigurationList section */
		F862F19A2F583923001666F2 /* Build configuration list for PBXProject "Flow3" */ = {
			isa = XCConfigurationList;
			buildConfigurations = (
				F862F1C12F583928001666F2 /* Debug */,
				F862F1C22F583928001666F2 /* Release */,
			);
			defaultConfigurationIsVisible = 0;
			defaultConfigurationName = Release;
		};
		F862F1C32F583928001666F2 /* Build configuration list for PBXNativeTarget "Flow3" */ = {
			isa = XCConfigurationList;
			buildConfigurations = (
				F862F1C42F583928001666F2 /* Debug */,
				F862F1C52F583928001666F2 /* Release */,
			);
			defaultConfigurationIsVisible = 0;
			defaultConfigurationName = Release;
		};
		F862F1C62F583928001666F2 /* Build configuration list for PBXNativeTarget "Flow3Tests" */ = {
			isa = XCConfigurationList;
			buildConfigurations = (
				F862F1C72F583928001666F2 /* Debug */,
				F862F1C82F583928001666F2 /* Release */,
			);
			defaultConfigurationIsVisible = 0;
			defaultConfigurationName = Release;
		};
		F862F1C92F583928001666F2 /* Build configuration list for PBXNativeTarget "Flow3UITests" */ = {
			isa = XCConfigurationList;
			buildConfigurations = (
				F862F1CA2F583928001666F2 /* Debug */,
				F862F1CB2F583928001666F2 /* Release */,
			);
			defaultConfigurationIsVisible = 0;
			defaultConfigurationName = Release;
		};
/* End XCConfigurationList section */
	};
	rootObject = F862F1972F583923001666F2 /* Project object */;
}
